
Microsoft Visual Studio Solution File, Format Version 12.00
Project("{FAE04EC0-301F-11D3-BF4B-00C04F79EFBC}") = "IconsService", "IconsService\IconsService.csproj", "{4C7B8D30-4584-4187-B5CD-647F805D583B}"
EndProject
Project("{2150E333-8FDC-42A3-9474-1A3956D46DE8}") = "IconsService", "IconsService", "{78C1CC2B-BAC9-4CD0-B07A-545D3EA5B8E6}"
EndProject
Project("{2150E333-8FDC-42A3-9474-1A3956D46DE8}") = "Application", "Application", "{F6438638-082E-4AD6-8A03-708A8CFE8FB0}"
EndProject
Project("{2150E333-8FDC-42A3-9474-1A3956D46DE8}") = "Domain", "Domain", "{E739D93F-DD6A-4402-81F8-8F35377E0624}"
EndProject
Project("{2150E333-8FDC-42A3-9474-1A3956D46DE8}") = "Infra.Data", "Infra.Data", "{7AF3E686-A368-431F-87DB-BEC0AF790D89}"
EndProject
Project("{2150E333-8FDC-42A3-9474-1A3956D46DE8}") = "Infra.IOC", "Infra.IOC", "{1D28F8BD-C222-4A5B-AE0D-6430E8A59B78}"
EndProject
Project("{FAE04EC0-301F-11D3-BF4B-00C04F79EFBC}") = "Application", "Application\Application.csproj", "{1CFE82AD-A192-4AFD-B660-84EE5F43F86B}"
EndProject
Project("{FAE04EC0-301F-11D3-BF4B-00C04F79EFBC}") = "Domain", "Domain\Domain.csproj", "{B2C4A813-AF49-41A7-B295-48E0649128C6}"
EndProject
Project("{FAE04EC0-301F-11D3-BF4B-00C04F79EFBC}") = "Infra.Data", "Infra.Data\Infra.Data.csproj", "{69C74F7C-A976-4A17-82A2-B5B8F0C26492}"
EndProject
Project("{FAE04EC0-301F-11D3-BF4B-00C04F79EFBC}") = "Infra.IOC", "Infra.IOC\Infra.IOC.csproj", "{DC48D394-EC38-4374-8571-3D5F9D9CC000}"
EndProject
Global
	GlobalSection(SolutionConfigurationPlatforms) = preSolution
		Debug|Any CPU = Debug|Any CPU
		Release|Any CPU = Release|Any CPU
	EndGlobalSection
	GlobalSection(ProjectConfigurationPlatforms) = postSolution
		{4C7B8D30-4584-4187-B5CD-647F805D583B}.Debug|Any CPU.ActiveCfg = Debug|Any CPU
		{4C7B8D30-4584-4187-B5CD-647F805D583B}.Debug|Any CPU.Build.0 = Debug|Any CPU
		{4C7B8D30-4584-4187-B5CD-647F805D583B}.Release|Any CPU.ActiveCfg = Release|Any CPU
		{4C7B8D30-4584-4187-B5CD-647F805D583B}.Release|Any CPU.Build.0 = Release|Any CPU
		{1CFE82AD-A192-4AFD-B660-84EE5F43F86B}.Debug|Any CPU.ActiveCfg = Debug|Any CPU
		{1CFE82AD-A192-4AFD-B660-84EE5F43F86B}.Debug|Any CPU.Build.0 = Debug|Any CPU
		{1CFE82AD-A192-4AFD-B660-84EE5F43F86B}.Release|Any CPU.ActiveCfg = Release|Any CPU
		{1CFE82AD-A192-4AFD-B660-84EE5F43F86B}.Release|Any CPU.Build.0 = Release|Any CPU
		{B2C4A813-AF49-41A7-B295-48E0649128C6}.Debug|Any CPU.ActiveCfg = Debug|Any CPU
		{B2C4A813-AF49-41A7-B295-48E0649128C6}.Debug|Any CPU.Build.0 = Debug|Any CPU
		{B2C4A813-AF49-41A7-B295-48E0649128C6}.Release|Any CPU.ActiveCfg = Release|Any CPU
		{B2C4A813-AF49-41A7-B295-48E0649128C6}.Release|Any CPU.Build.0 = Release|Any CPU
		{69C74F7C-A976-4A17-82A2-B5B8F0C26492}.Debug|Any CPU.ActiveCfg = Debug|Any CPU
		{69C74F7C-A976-4A17-82A2-B5B8F0C26492}.Debug|Any CPU.Build.0 = Debug|Any CPU
		{69C74F7C-A976-4A17-82A2-B5B8F0C26492}.Release|Any CPU.ActiveCfg = Release|Any CPU
		{69C74F7C-A976-4A17-82A2-B5B8F0C26492}.Release|Any CPU.Build.0 = Release|Any CPU
		{DC48D394-EC38-4374-8571-3D5F9D9CC000}.Debug|Any CPU.ActiveCfg = Debug|Any CPU
		{DC48D394-EC38-4374-8571-3D5F9D9CC000}.Debug|Any CPU.Build.0 = Debug|Any CPU
		{DC48D394-EC38-4374-8571-3D5F9D9CC000}.Release|Any CPU.ActiveCfg = Release|Any CPU
		{DC48D394-EC38-4374-8571-3D5F9D9CC000}.Release|Any CPU.Build.0 = Release|Any CPU
	EndGlobalSection
	GlobalSection(NestedProjects) = preSolution
		{4C7B8D30-4584-4187-B5CD-647F805D583B} = {78C1CC2B-BAC9-4CD0-B07A-545D3EA5B8E6}
		{1CFE82AD-A192-4AFD-B660-84EE5F43F86B} = {F6438638-082E-4AD6-8A03-708A8CFE8FB0}
		{B2C4A813-AF49-41A7-B295-48E0649128C6} = {E739D93F-DD6A-4402-81F8-8F35377E0624}
		{69C74F7C-A976-4A17-82A2-B5B8F0C26492} = {7AF3E686-A368-431F-87DB-BEC0AF790D89}
		{DC48D394-EC38-4374-8571-3D5F9D9CC000} = {1D28F8BD-C222-4A5B-AE0D-6430E8A59B78}
	EndGlobalSection
EndGlobal
